aiodocker==0.14.0 \
    --hash=sha256:019b47bced32914b8ed1df16dafc3daef7269baf6c6debd7670a10e1afa879d5 \
    --hash=sha256:3ad3983747d019c1b8625c688ec78665f7232095e551338fe8ebd7ee21ba8bca
aiohttp==3.6.0 \
    --hash=sha256:315f55a8469284f3ee54534d76f525b5c104dc514999dca4a007524a458aaba2 \
    --hash=sha256:635bef0626e28446372511e1fd31585205db2f18dab37a43d8adb30b0483e1bf \
    --hash=sha256:6907359de725e7ccd04b458a0f3322c7d1ba78df3df02e2ceb5abb0e21c975e6 \
    --hash=sha256:772cfc0ff7c088d9e211377951a51c8a5173110cf56214f3e3d08a89be07badc \
    --hash=sha256:a91251585acf5203842551e37d2700c13c0bb411fa61b13485ab9e8d2dd400e9 \
    --hash=sha256:af7809ce7de6709afc7770403a70dfdbc4e988c91451108c8e123fac46b870d9
async_timeout==3.0.1 \
    --hash=sha256:0c3c816a028d47f659d6ff5c745cb2acf1f966da1fe5c19c77a70282b25f4c5f \
    --hash=sha256:4291ca197d287d274d0b6cb5d6f8f8f82d434ed288f962539ff18cc9012f9ea3
attrs==19.1.0 \
    --hash=sha256:69c0dbf2ed392de1cb5ec704444b08a5ef81680a61cb899dc08127123af36a79 \
    --hash=sha256:f0b870f674851ecbfbbbd364d6b5cbdff9dcedbc7f3f5e18a6891057f21fe399
chardet==3.0.4 \
    --hash=sha256:84ab92ed1c4d4f16916e05906b6b75a6c0fb5db821cc65e70cbd64a3e2a5eaae \
    --hash=sha256:fc323ffcaeaed0e0a02bf4d117757b98aed530d9ed4531e3e15460124c106691
decorator==4.4.0 \
    --hash=sha256:86156361c50488b84a3f148056ea716ca587df2f0de1d34750d35c21312725de \
    --hash=sha256:f069f3a01830ca754ba5258fde2278454a0b5b79e0d7f5c13b3b97e57d4acff6
idna==2.8 \
    --hash=sha256:c357b3f628cf53ae2c4c05627ecc484553142ca23264e593d327bcde5e9c3407 \
    --hash=sha256:ea8b7f6188e6fa117537c3df7da9fc686d485087abf6ac197f9c46432f7e4a3c
multidict==4.5.2 \
    --hash=sha256:024b8129695a952ebd93373e45b5d341dbb87c17ce49637b34000093f243dd4f \
    --hash=sha256:045b4dd0e5f6121e6f314d81759abd2c257db4634260abcfe0d3f7083c4908ef \
    --hash=sha256:1d48bc124a6b7a55006d97917f695effa9725d05abe8ee78fd60d6588b8344cd \
    --hash=sha256:4a6ae52bd3ee41ee0f3acf4c60ceb3f44e0e3bc52ab7da1c2b2aa6703363a3d1 \
    --hash=sha256:61b2b33ede821b94fa99ce0b09c9ece049c7067a33b279f343adfe35108a4ea7 \
    --hash=sha256:76ad8e4c69dadbb31bad17c16baee61c0d1a4a73bed2590b741b2e1a46d3edd0 \
    --hash=sha256:7ba19b777dc00194d1b473180d4ca89a054dd18de27d0ee2e42a103ec9b7d014 \
    --hash=sha256:c18498c50c59263841862ea0501da9f2b3659c00db54abfbf823a80787fde8ce
networkx==2.3 \
    --hash=sha256:8311ddef63cf5c5c5e7c1d0212dd141d9a1fe3f474915281b73597ed5f1d4e3d
pydot==1.4.1 \
    --hash=sha256:67be714300c78fda5fd52f79ec994039e3f76f074948c67b5ff539b433ad354f \
    --hash=sha256:d49c9d4dd1913beec2a997f831543c8cbd53e535b1a739e921642fe416235f01
pyparsing==2.4.2 \
    --hash=sha256:6f98a7b9397e206d78cc01df10131398f1c8b8510a2f4d97d9abd82e1aacdd80 \
    --hash=sha256:d9338df12903bbf5d65a0e4e87c2161968b10d2e489652bb47001d82a9b028b4
Rx==3.0.1 \
    --hash=sha256:00c4ab3ecd1ab9a55f310d05e20ae7f93d3cdd1150de5c56347e67a1ecd73963 \
    --hash=sha256:c7d168618e3cec35fda9c9c8b5d7f966739df4b1a99b315eae1fc2d7d69e2512
yarl==1.3.0 \
    --hash=sha256:024ecdc12bc02b321bc66b41327f930d1c2c543fa9a561b39861da9388ba7aa9 \
    --hash=sha256:73f447d11b530d860ca1e6b582f947688286ad16ca42256413083d13f260b7a0 \
    --hash=sha256:e060906c0c585565c718d1c3841747b61c5439af2211e185f6739a9412dfbde1
